
Microsoft Visual Studio Solution File, Format Version 12.00
# Visual Studio Version 16
VisualStudioVersion = 16.0.31702.278
MinimumVisualStudioVersion = 10.0.40219.1
Project("{FAE04EC0-301F-11D3-BF4B-00C04F79EFBC}") = "WebApplication2rtytryrt", "WebApplication2rtytryrt\WebApplication2rtytryrt.csproj", "{818953BE-1EC4-43FB-8CDC-C14BC2BAA1D6}"
EndProject
Global
	GlobalSection(SolutionConfigurationPlatforms) = preSolution
		Debug|Any CPU = Debug|Any CPU
		Release|Any CPU = Release|Any CPU
	EndGlobalSection
	GlobalSection(ProjectConfigurationPlatforms) = postSolution
		{818953BE-1EC4-43FB-8CDC-C14BC2BAA1D6}.Debug|Any CPU.ActiveCfg = Debug|Any CPU
		{818953BE-1EC4-43FB-8CDC-C14BC2BAA1D6}.Debug|Any CPU.Build.0 = Debug|Any CPU
		{818953BE-1EC4-43FB-8CDC-C14BC2BAA1D6}.Release|Any CPU.ActiveCfg = Release|Any CPU
		{818953BE-1EC4-43FB-8CDC-C14BC2BAA1D6}.Release|Any CPU.Build.0 = Release|Any CPU
	EndGlobalSection
	GlobalSection(SolutionProperties) = preSolution
		HideSolutionNode = FALSE
	EndGlobalSection
	GlobalSection(ExtensibilityGlobals) = postSolution
		SolutionGuid = {987B364A-D99B-461C-8038-B97666DEE30D}
	EndGlobalSection
EndGlobal
